
Microsoft Visual Studio Solution File, Format Version 12.00
# Visual Studio Version 16
VisualStudioVersion = 16.0.34114.132
MinimumVisualStudioVersion = 10.0.40219.1
Project("{FAE04EC0-301F-11D3-BF4B-00C04F79EFBC}") = "TiquetCine", "TiquetCine\TiquetCine.csproj", "{ECCC7175-93AC-446D-B647-F7C052054488}"
EndProject
Global
	GlobalSection(SolutionConfigurationPlatforms) = preSolution
		Debug|Any CPU = Debug|Any CPU
		Release|Any CPU = Release|Any CPU
	EndGlobalSection
	GlobalSection(ProjectConfigurationPlatforms) = postSolution
		{ECCC7175-93AC-446D-B647-F7C052054488}.Debug|Any CPU.ActiveCfg = Debug|Any CPU
		{ECCC7175-93AC-446D-B647-F7C052054488}.Debug|Any CPU.Build.0 = Debug|Any CPU
		{ECCC7175-93AC-446D-B647-F7C052054488}.Release|Any CPU.ActiveCfg = Release|Any CPU
		{ECCC7175-93AC-446D-B647-F7C052054488}.Release|Any CPU.Build.0 = Release|Any CPU
	EndGlobalSection
	GlobalSection(SolutionProperties) = preSolution
		HideSolutionNode = FALSE
	EndGlobalSection
	GlobalSection(ExtensibilityGlobals) = postSolution
		SolutionGuid = {EF73CD02-9933-4D9B-9C42-4582652C42BC}
	EndGlobalSection
EndGlobal
